
Microsoft Visual Studio Solution File, Format Version 12.00
# Visual Studio Version 17
VisualStudioVersion = 17.10.35122.118
MinimumVisualStudioVersion = 10.0.40219.1
Project("{FAE04EC0-301F-11D3-BF4B-00C04F79EFBC}") = "CoffeeShopMS", "CoffeeShopMS\CoffeeShopMS.csproj", "{5ABBED60-D414-4E5B-9540-CB7AE3E7E0E5}"
EndProject
Global
	GlobalSection(SolutionConfigurationPlatforms) = preSolution
		Debug|Any CPU = Debug|Any CPU
		Release|Any CPU = Release|Any CPU
	EndGlobalSection
	GlobalSection(ProjectConfigurationPlatforms) = postSolution
		{5ABBED60-D414-4E5B-9540-CB7AE3E7E0E5}.Debug|Any CPU.ActiveCfg = Debug|Any CPU
		{5ABBED60-D414-4E5B-9540-CB7AE3E7E0E5}.Debug|Any CPU.Build.0 = Debug|Any CPU
		{5ABBED60-D414-4E5B-9540-CB7AE3E7E0E5}.Release|Any CPU.ActiveCfg = Release|Any CPU
		{5ABBED60-D414-4E5B-9540-CB7AE3E7E0E5}.Release|Any CPU.Build.0 = Release|Any CPU
	EndGlobalSection
	GlobalSection(SolutionProperties) = preSolution
		HideSolutionNode = FALSE
	EndGlobalSection
	GlobalSection(ExtensibilityGlobals) = postSolution
		SolutionGuid = {1914D66E-9CE4-495D-8AB6-2388FE657C06}
	EndGlobalSection
EndGlobal
